<?xml version="1.0" encoding="utf-8"?>
<Project ToolsVersion="4.0" xmlns="http://schemas.microsoft.com/developer/msbuild/2003">
  <ItemGroup>
    <Filter Include="源文件">
      <UniqueIdentifier>{4FC737F1-C7A5-4376-A066-2A32D752A2FF}</UniqueIdentifier>
      <Extensions>cpp;c;cc;cxx;c++;cppm;ixx;def;odl;idl;hpj;bat;asm;asmx</Extensions>
    </Filter>
    <Filter Include="头文件">
      <UniqueIdentifier>{93995380-89BD-4b04-88EB-625FBE52EBFB}</UniqueIdentifier>
      <Extensions>h;hh;hpp;hxx;h++;hm;inl;inc;ipp;xsd</Extensions>
    </Filter>
    <Filter Include="资源文件">
      <UniqueIdentifier>{67DA6AB6-F800-4c08-8B7A-83BB121AAD01}</UniqueIdentifier>
      <Extensions>rc;ico;cur;bmp;dlg;rc2;rct;bin;rgs;gif;jpg;jpeg;jpe;resx;tiff;tif;png;wav;mfcribbon-ms</Extensions>
    </Filter>
  </ItemGroup>
  <ItemGroup>
    <ClCompile Include="..\..\swmm51015_engine\src\climate.c">
      <Filter>源文件</Filter>
    </ClCompile>
    <ClCompile Include="..\..\swmm51015_engine\src\xsect.c">
      <Filter>源文件</Filter>
    </ClCompile>
    <ClCompile Include="..\..\swmm51015_engine\src\treatmnt.c">
      <Filter>源文件</Filter>
    </ClCompile>
    <ClCompile Include="..\..\swmm51015_engine\src\transect.c">
      <Filter>源文件</Filter>
    </ClCompile>
    <ClCompile Include="..\..\swmm51015_engine\src\toposort.c">
      <Filter>源文件</Filter>
    </ClCompile>
    <ClCompile Include="..\..\swmm51015_engine\src\table.c">
      <Filter>源文件</Filter>
    </ClCompile>
    <ClCompile Include="..\..\swmm51015_engine\src\swmm5.c">
      <Filter>源文件</Filter>
    </ClCompile>
    <ClCompile Include="..\..\swmm51015_engine\src\surfqual.c">
      <Filter>源文件</Filter>
    </ClCompile>
    <ClCompile Include="..\..\swmm51015_engine\src\subcatch.c">
      <Filter>源文件</Filter>
    </ClCompile>
    <ClCompile Include="..\..\swmm51015_engine\src\statsrpt.c">
      <Filter>源文件</Filter>
    </ClCompile>
    <ClCompile Include="..\..\swmm51015_engine\src\stats.c">
      <Filter>源文件</Filter>
    </ClCompile>
    <ClCompile Include="..\..\swmm51015_engine\src\snow.c">
      <Filter>源文件</Filter>
    </ClCompile>
    <ClCompile Include="..\..\swmm51015_engine\src\shape.c">
      <Filter>源文件</Filter>
    </ClCompile>
    <ClCompile Include="..\..\swmm51015_engine\src\runoff.c">
      <Filter>源文件</Filter>
    </ClCompile>
    <ClCompile Include="..\..\swmm51015_engine\src\routing.c">
      <Filter>源文件</Filter>
    </ClCompile>
    <ClCompile Include="..\..\swmm51015_engine\src\roadway.c">
      <Filter>源文件</Filter>
    </ClCompile>
    <ClCompile Include="..\..\swmm51015_engine\src\report.c">
      <Filter>源文件</Filter>
    </ClCompile>
    <ClCompile Include="..\..\swmm51015_engine\src\rdii.c">
      <Filter>源文件</Filter>
    </ClCompile>
    <ClCompile Include="..\..\swmm51015_engine\src\rain.c">
      <Filter>源文件</Filter>
    </ClCompile>
    <ClCompile Include="..\..\swmm51015_engine\src\qualrout.c">
      <Filter>源文件</Filter>
    </ClCompile>
    <ClCompile Include="..\..\swmm51015_engine\src\project.c">
      <Filter>源文件</Filter>
    </ClCompile>
    <ClCompile Include="..\..\swmm51015_engine\src\output.c">
      <Filter>源文件</Filter>
    </ClCompile>
    <ClCompile Include="..\..\swmm51015_engine\src\odesolve.c">
      <Filter>源文件</Filter>
    </ClCompile>
    <ClCompile Include="..\..\swmm51015_engine\src\node.c">
      <Filter>源文件</Filter>
    </ClCompile>
    <ClCompile Include="..\..\swmm51015_engine\src\mempool.c">
      <Filter>源文件</Filter>
    </ClCompile>
    <ClCompile Include="..\..\swmm51015_engine\src\mathexpr.c">
      <Filter>源文件</Filter>
    </ClCompile>
    <ClCompile Include="..\..\swmm51015_engine\src\massbal.c">
      <Filter>源文件</Filter>
    </ClCompile>
    <ClCompile Include="..\..\swmm51015_engine\src\main.c">
      <Filter>源文件</Filter>
    </ClCompile>
    <ClCompile Include="..\..\swmm51015_engine\src\link.c">
      <Filter>源文件</Filter>
    </ClCompile>
    <ClCompile Include="..\..\swmm51015_engine\src\lidproc.c">
      <Filter>源文件</Filter>
    </ClCompile>
    <ClCompile Include="..\..\swmm51015_engine\src\lid.c">
      <Filter>源文件</Filter>
    </ClCompile>
    <ClCompile Include="..\..\swmm51015_engine\src\landuse.c">
      <Filter>源文件</Filter>
    </ClCompile>
    <ClCompile Include="..\..\swmm51015_engine\src\kinwave.c">
      <Filter>源文件</Filter>
    </ClCompile>
    <ClCompile Include="..\..\swmm51015_engine\src\keywords.c">
      <Filter>源文件</Filter>
    </ClCompile>
    <ClCompile Include="..\..\swmm51015_engine\src\inputrpt.c">
      <Filter>源文件</Filter>
    </ClCompile>
    <ClCompile Include="..\..\swmm51015_engine\src\input.c">
      <Filter>源文件</Filter>
    </ClCompile>
    <ClCompile Include="..\..\swmm51015_engine\src\inflow.c">
      <Filter>源文件</Filter>
    </ClCompile>
    <ClCompile Include="..\..\swmm51015_engine\src\infil.c">
      <Filter>源文件</Filter>
    </ClCompile>
    <ClCompile Include="..\..\swmm51015_engine\src\iface.c">
      <Filter>源文件</Filter>
    </ClCompile>
    <ClCompile Include="..\..\swmm51015_engine\src\hotstart.c">
      <Filter>源文件</Filter>
    </ClCompile>
    <ClCompile Include="..\..\swmm51015_engine\src\hash.c">
      <Filter>源文件</Filter>
    </ClCompile>
    <ClCompile Include="..\..\swmm51015_engine\src\gwater.c">
      <Filter>源文件</Filter>
    </ClCompile>
    <ClCompile Include="..\..\swmm51015_engine\src\gage.c">
      <Filter>源文件</Filter>
    </ClCompile>
    <ClCompile Include="..\..\swmm51015_engine\src\forcmain.c">
      <Filter>源文件</Filter>
    </ClCompile>
    <ClCompile Include="..\..\swmm51015_engine\src\flowrout.c">
      <Filter>源文件</Filter>
    </ClCompile>
    <ClCompile Include="..\..\swmm51015_engine\src\findroot.c">
      <Filter>源文件</Filter>
    </ClCompile>
    <ClCompile Include="..\..\swmm51015_engine\src\exfil.c">
      <Filter>源文件</Filter>
    </ClCompile>
    <ClCompile Include="..\..\swmm51015_engine\src\error.c">
      <Filter>源文件</Filter>
    </ClCompile>
    <ClCompile Include="..\..\swmm51015_engine\src\dynwave.c">
      <Filter>源文件</Filter>
    </ClCompile>
    <ClCompile Include="..\..\swmm51015_engine\src\dwflow.c">
      <Filter>源文件</Filter>
    </ClCompile>
    <ClCompile Include="..\..\swmm51015_engine\src\datetime.c">
      <Filter>源文件</Filter>
    </ClCompile>
    <ClCompile Include="..\..\swmm51015_engine\src\culvert.c">
      <Filter>源文件</Filter>
    </ClCompile>
    <ClCompile Include="..\..\swmm51015_engine\src\controls.c">
      <Filter>源文件</Filter>
    </ClCompile>
  </ItemGroup>
  <ItemGroup>
    <ClInclude Include="..\..\swmm51015_engine\src\consts.h">
      <Filter>头文件</Filter>
    </ClInclude>
    <ClInclude Include="..\..\swmm51015_engine\src\text.h">
      <Filter>头文件</Filter>
    </ClInclude>
    <ClInclude Include="..\..\swmm51015_engine\src\swmm5.h">
      <Filter>头文件</Filter>
    </ClInclude>
    <ClInclude Include="..\..\swmm51015_engine\src\odesolve.h">
      <Filter>头文件</Filter>
    </ClInclude>
    <ClInclude Include="..\..\swmm51015_engine\src\objects.h">
      <Filter>头文件</Filter>
    </ClInclude>
    <ClInclude Include="..\..\swmm51015_engine\src\mempool.h">
      <Filter>头文件</Filter>
    </ClInclude>
    <ClInclude Include="..\..\swmm51015_engine\src\mathexpr.h">
      <Filter>头文件</Filter>
    </ClInclude>
    <ClInclude Include="..\..\swmm51015_engine\src\macros.h">
      <Filter>头文件</Filter>
    </ClInclude>
    <ClInclude Include="..\..\swmm51015_engine\src\lid.h">
      <Filter>头文件</Filter>
    </ClInclude>
    <ClInclude Include="..\..\swmm51015_engine\src\keywords.h">
      <Filter>头文件</Filter>
    </ClInclude>
    <ClInclude Include="..\..\swmm51015_engine\src\infil.h">
      <Filter>头文件</Filter>
    </ClInclude>
    <ClInclude Include="..\..\swmm51015_engine\src\headers.h">
      <Filter>头文件</Filter>
    </ClInclude>
    <ClInclude Include="..\..\swmm51015_engine\src\hash.h">
      <Filter>头文件</Filter>
    </ClInclude>
    <ClInclude Include="..\..\swmm51015_engine\src\globals.h">
      <Filter>头文件</Filter>
    </ClInclude>
    <ClInclude Include="..\..\swmm51015_engine\src\funcs.h">
      <Filter>头文件</Filter>
    </ClInclude>
    <ClInclude Include="..\..\swmm51015_engine\src\findroot.h">
      <Filter>头文件</Filter>
    </ClInclude>
    <ClInclude Include="..\..\swmm51015_engine\src\exfil.h">
      <Filter>头文件</Filter>
    </ClInclude>
    <ClInclude Include="..\..\swmm51015_engine\src\error.h">
      <Filter>头文件</Filter>
    </ClInclude>
    <ClInclude Include="..\..\swmm51015_engine\src\enums.h">
      <Filter>头文件</Filter>
    </ClInclude>
    <ClInclude Include="..\..\swmm51015_engine\src\datetime.h">
      <Filter>头文件</Filter>
    </ClInclude>
  </ItemGroup>
</Project>